
Microsoft Visual Studio Solution File, Format Version 12.00
# Visual Studio 15
Project("{FAE04EC0-301F-11D3-BF4B-00C04F79EFBC}") = "Assembly-CSharp", "Assembly-CSharp.csproj", "{DDFBC18F-9396-3137-9CFE-DEB2CDB74636}"
EndProject
Project("{FAE04EC0-301F-11D3-BF4B-00C04F79EFBC}") = "SteamVR", "SteamVR.csproj", "{F0858671-A4C2-853C-EF30-3B27880150AD}"
EndProject
Project("{FAE04EC0-301F-11D3-BF4B-00C04F79EFBC}") = "Unity.Recorder", "Unity.Recorder.csproj", "{1EF478B6-E724-E94D-8912-8BDCB842A716}"
EndProject
Project("{FAE04EC0-301F-11D3-BF4B-00C04F79EFBC}") = "SteamVR_Actions", "SteamVR_Actions.csproj", "{824EDE46-E1C0-FE62-865C-8B4E3EBA4743}"
EndProject
Project("{FAE04EC0-301F-11D3-BF4B-00C04F79EFBC}") = "Unity.Recorder.Samples", "Unity.Recorder.Samples.csproj", "{46A88B51-FF32-BABE-786B-1FAE38811F05}"
EndProject
Project("{FAE04EC0-301F-11D3-BF4B-00C04F79EFBC}") = "Assembly-CSharp-Editor", "Assembly-CSharp-Editor.csproj", "{196F3426-96BD-E564-A156-57572DB80A48}"
EndProject
Project("{FAE04EC0-301F-11D3-BF4B-00C04F79EFBC}") = "SteamVR_Editor", "SteamVR_Editor.csproj", "{7556CFCE-4294-0A95-51C4-F09B9A4E5E7A}"
EndProject
Project("{FAE04EC0-301F-11D3-BF4B-00C04F79EFBC}") = "Unity.Recorder.Editor", "Unity.Recorder.Editor.csproj", "{3E9A0BE5-AE60-3C07-2E05-3CCFED7DC96E}"
EndProject
Project("{FAE04EC0-301F-11D3-BF4B-00C04F79EFBC}") = "SteamVR_Input_Editor", "SteamVR_Input_Editor.csproj", "{2514A1CC-51A8-A96C-CF93-49A20DCBD902}"
EndProject
Project("{FAE04EC0-301F-11D3-BF4B-00C04F79EFBC}") = "SteamVR_Windows_EditorHelper", "SteamVR_Windows_EditorHelper.csproj", "{F330E286-9B77-44E0-B23C-5C1550229CC1}"
EndProject
Global
	GlobalSection(SolutionConfigurationPlatforms) = preSolution
		Debug|Any CPU = Debug|Any CPU
		Release|Any CPU = Release|Any CPU
	EndGlobalSection
	GlobalSection(ProjectConfigurationPlatforms) = postSolution
		{DDFBC18F-9396-3137-9CFE-DEB2CDB74636}.Debug|Any CPU.ActiveCfg = Debug|Any CPU
		{DDFBC18F-9396-3137-9CFE-DEB2CDB74636}.Debug|Any CPU.Build.0 = Debug|Any CPU
		{DDFBC18F-9396-3137-9CFE-DEB2CDB74636}.Release|Any CPU.ActiveCfg = Release|Any CPU
		{DDFBC18F-9396-3137-9CFE-DEB2CDB74636}.Release|Any CPU.Build.0 = Release|Any CPU
		{F0858671-A4C2-853C-EF30-3B27880150AD}.Debug|Any CPU.ActiveCfg = Debug|Any CPU
		{F0858671-A4C2-853C-EF30-3B27880150AD}.Debug|Any CPU.Build.0 = Debug|Any CPU
		{F0858671-A4C2-853C-EF30-3B27880150AD}.Release|Any CPU.ActiveCfg = Release|Any CPU
		{F0858671-A4C2-853C-EF30-3B27880150AD}.Release|Any CPU.Build.0 = Release|Any CPU
		{1EF478B6-E724-E94D-8912-8BDCB842A716}.Debug|Any CPU.ActiveCfg = Debug|Any CPU
		{1EF478B6-E724-E94D-8912-8BDCB842A716}.Debug|Any CPU.Build.0 = Debug|Any CPU
		{1EF478B6-E724-E94D-8912-8BDCB842A716}.Release|Any CPU.ActiveCfg = Release|Any CPU
		{1EF478B6-E724-E94D-8912-8BDCB842A716}.Release|Any CPU.Build.0 = Release|Any CPU
		{824EDE46-E1C0-FE62-865C-8B4E3EBA4743}.Debug|Any CPU.ActiveCfg = Debug|Any CPU
		{824EDE46-E1C0-FE62-865C-8B4E3EBA4743}.Debug|Any CPU.Build.0 = Debug|Any CPU
		{824EDE46-E1C0-FE62-865C-8B4E3EBA4743}.Release|Any CPU.ActiveCfg = Release|Any CPU
		{824EDE46-E1C0-FE62-865C-8B4E3EBA4743}.Release|Any CPU.Build.0 = Release|Any CPU
		{46A88B51-FF32-BABE-786B-1FAE38811F05}.Debug|Any CPU.ActiveCfg = Debug|Any CPU
		{46A88B51-FF32-BABE-786B-1FAE38811F05}.Debug|Any CPU.Build.0 = Debug|Any CPU
		{46A88B51-FF32-BABE-786B-1FAE38811F05}.Release|Any CPU.ActiveCfg = Release|Any CPU
		{46A88B51-FF32-BABE-786B-1FAE38811F05}.Release|Any CPU.Build.0 = Release|Any CPU
		{196F3426-96BD-E564-A156-57572DB80A48}.Debug|Any CPU.ActiveCfg = Debug|Any CPU
		{196F3426-96BD-E564-A156-57572DB80A48}.Debug|Any CPU.Build.0 = Debug|Any CPU
		{196F3426-96BD-E564-A156-57572DB80A48}.Release|Any CPU.ActiveCfg = Release|Any CPU
		{196F3426-96BD-E564-A156-57572DB80A48}.Release|Any CPU.Build.0 = Release|Any CPU
		{7556CFCE-4294-0A95-51C4-F09B9A4E5E7A}.Debug|Any CPU.ActiveCfg = Debug|Any CPU
		{7556CFCE-4294-0A95-51C4-F09B9A4E5E7A}.Debug|Any CPU.Build.0 = Debug|Any CPU
		{7556CFCE-4294-0A95-51C4-F09B9A4E5E7A}.Release|Any CPU.ActiveCfg = Release|Any CPU
		{7556CFCE-4294-0A95-51C4-F09B9A4E5E7A}.Release|Any CPU.Build.0 = Release|Any CPU
		{3E9A0BE5-AE60-3C07-2E05-3CCFED7DC96E}.Debug|Any CPU.ActiveCfg = Debug|Any CPU
		{3E9A0BE5-AE60-3C07-2E05-3CCFED7DC96E}.Debug|Any CPU.Build.0 = Debug|Any CPU
		{3E9A0BE5-AE60-3C07-2E05-3CCFED7DC96E}.Release|Any CPU.ActiveCfg = Release|Any CPU
		{3E9A0BE5-AE60-3C07-2E05-3CCFED7DC96E}.Release|Any CPU.Build.0 = Release|Any CPU
		{2514A1CC-51A8-A96C-CF93-49A20DCBD902}.Debug|Any CPU.ActiveCfg = Debug|Any CPU
		{2514A1CC-51A8-A96C-CF93-49A20DCBD902}.Debug|Any CPU.Build.0 = Debug|Any CPU
		{2514A1CC-51A8-A96C-CF93-49A20DCBD902}.Release|Any CPU.ActiveCfg = Release|Any CPU
		{2514A1CC-51A8-A96C-CF93-49A20DCBD902}.Release|Any CPU.Build.0 = Release|Any CPU
		{F330E286-9B77-44E0-B23C-5C1550229CC1}.Debug|Any CPU.ActiveCfg = Debug|Any CPU
		{F330E286-9B77-44E0-B23C-5C1550229CC1}.Debug|Any CPU.Build.0 = Debug|Any CPU
		{F330E286-9B77-44E0-B23C-5C1550229CC1}.Release|Any CPU.ActiveCfg = Release|Any CPU
		{F330E286-9B77-44E0-B23C-5C1550229CC1}.Release|Any CPU.Build.0 = Release|Any CPU
	EndGlobalSection
	GlobalSection(SolutionProperties) = preSolution
		HideSolutionNode = FALSE
	EndGlobalSection
EndGlobal
